
Microsoft Visual Studio Solution File, Format Version 12.00
Project("{FAE04EC0-301F-11D3-BF4B-00C04F79EFBC}") = "ABS", "ABS\ABS.csproj", "{CC60AD64-EB3A-4712-B200-B6B0BBA8B460}"
EndProject
Project("{FAE04EC0-301F-11D3-BF4B-00C04F79EFBC}") = "ABS.ActualWrapper", "ABS.ActualWrapper\ABS.ActualWrapper.csproj", "{705B2440-3074-4FFE-90A0-C61CED493F89}"
EndProject
Global
	GlobalSection(SolutionConfigurationPlatforms) = preSolution
		Debug|Any CPU = Debug|Any CPU
		Release|Any CPU = Release|Any CPU
	EndGlobalSection
	GlobalSection(ProjectConfigurationPlatforms) = postSolution
		{CC60AD64-EB3A-4712-B200-B6B0BBA8B460}.Debug|Any CPU.ActiveCfg = Debug|Any CPU
		{CC60AD64-EB3A-4712-B200-B6B0BBA8B460}.Debug|Any CPU.Build.0 = Debug|Any CPU
		{CC60AD64-EB3A-4712-B200-B6B0BBA8B460}.Release|Any CPU.ActiveCfg = Release|Any CPU
		{CC60AD64-EB3A-4712-B200-B6B0BBA8B460}.Release|Any CPU.Build.0 = Release|Any CPU
		{705B2440-3074-4FFE-90A0-C61CED493F89}.Debug|Any CPU.ActiveCfg = Debug|Any CPU
		{705B2440-3074-4FFE-90A0-C61CED493F89}.Debug|Any CPU.Build.0 = Debug|Any CPU
		{705B2440-3074-4FFE-90A0-C61CED493F89}.Release|Any CPU.ActiveCfg = Release|Any CPU
		{705B2440-3074-4FFE-90A0-C61CED493F89}.Release|Any CPU.Build.0 = Release|Any CPU
	EndGlobalSection
EndGlobal
